
Microsoft Visual Studio Solution File, Format Version 12.00
# Visual Studio Version 17
VisualStudioVersion = 17.2.32630.192
MinimumVisualStudioVersion = 10.0.40219.1
Project("{9A19103F-16F7-4668-BE54-9A1E7A4F7556}") = "R5T.T0197", "R5T.T0197\R5T.T0197.csproj", "{7FA95884-F171-4435-844F-6E16595132B0}"
EndProject
Project("{2150E333-8FDC-42A3-9474-1A3956D46DE8}") = "_Dependencies", "_Dependencies", "{777B303E-F591-4E45-ACCF-DD6467DB9C85}"
EndProject
Project("{9A19103F-16F7-4668-BE54-9A1E7A4F7556}") = "R5T.T0132", "..\..\R5T.T0132\source\R5T.T0132\R5T.T0132.csproj", "{10A22C99-7259-409C-B43C-F0F283B26BA1}"
EndProject
Project("{9A19103F-16F7-4668-BE54-9A1E7A4F7556}") = "R5T.T0143", "..\..\R5T.T0143\source\R5T.T0143\R5T.T0143.csproj", "{6EE43229-38E2-4B39-9979-3DFE73F56D98}"
EndProject
Project("{9A19103F-16F7-4668-BE54-9A1E7A4F7556}") = "R5T.T0178", "..\..\R5T.T0178\source\R5T.T0178\R5T.T0178.csproj", "{08011164-8B17-4E6D-B443-501909050D3C}"
EndProject
Project("{9A19103F-16F7-4668-BE54-9A1E7A4F7556}") = "R5T.T0179", "..\..\R5T.T0179\source\R5T.T0179\R5T.T0179.csproj", "{2A9DCA69-0B90-4F2F-8614-6C9EFFDA3E9E}"
EndProject
Project("{9A19103F-16F7-4668-BE54-9A1E7A4F7556}") = "R5T.T0156", "..\..\R5T.T0156\source\R5T.T0156\R5T.T0156.csproj", "{7AA659FD-C793-4051-99AD-D97DC319312F}"
EndProject
Global
	GlobalSection(NestedProjects) = preSolution
		{10A22C99-7259-409C-B43C-F0F283B26BA1} = {777B303E-F591-4E45-ACCF-DD6467DB9C85}
		{6EE43229-38E2-4B39-9979-3DFE73F56D98} = {777B303E-F591-4E45-ACCF-DD6467DB9C85}
		{08011164-8B17-4E6D-B443-501909050D3C} = {777B303E-F591-4E45-ACCF-DD6467DB9C85}
		{2A9DCA69-0B90-4F2F-8614-6C9EFFDA3E9E} = {777B303E-F591-4E45-ACCF-DD6467DB9C85}
		{7AA659FD-C793-4051-99AD-D97DC319312F} = {777B303E-F591-4E45-ACCF-DD6467DB9C85}
	EndGlobalSection
	GlobalSection(SolutionConfigurationPlatforms) = preSolution
		Debug|Any CPU = Debug|Any CPU
		Release|Any CPU = Release|Any CPU
	EndGlobalSection
	GlobalSection(ProjectConfigurationPlatforms) = postSolution
		{7FA95884-F171-4435-844F-6E16595132B0}.Debug|Any CPU.ActiveCfg = Debug|Any CPU
		{7FA95884-F171-4435-844F-6E16595132B0}.Debug|Any CPU.Build.0 = Debug|Any CPU
		{7FA95884-F171-4435-844F-6E16595132B0}.Release|Any CPU.ActiveCfg = Release|Any CPU
		{7FA95884-F171-4435-844F-6E16595132B0}.Release|Any CPU.Build.0 = Release|Any CPU
		{10A22C99-7259-409C-B43C-F0F283B26BA1}.Debug|Any CPU.ActiveCfg = Debug|Any CPU
		{10A22C99-7259-409C-B43C-F0F283B26BA1}.Debug|Any CPU.Build.0 = Debug|Any CPU
		{10A22C99-7259-409C-B43C-F0F283B26BA1}.Release|Any CPU.ActiveCfg = Release|Any CPU
		{10A22C99-7259-409C-B43C-F0F283B26BA1}.Release|Any CPU.Build.0 = Release|Any CPU
		{6EE43229-38E2-4B39-9979-3DFE73F56D98}.Debug|Any CPU.ActiveCfg = Debug|Any CPU
		{6EE43229-38E2-4B39-9979-3DFE73F56D98}.Debug|Any CPU.Build.0 = Debug|Any CPU
		{6EE43229-38E2-4B39-9979-3DFE73F56D98}.Release|Any CPU.ActiveCfg = Release|Any CPU
		{6EE43229-38E2-4B39-9979-3DFE73F56D98}.Release|Any CPU.Build.0 = Release|Any CPU
		{08011164-8B17-4E6D-B443-501909050D3C}.Debug|Any CPU.ActiveCfg = Debug|Any CPU
		{08011164-8B17-4E6D-B443-501909050D3C}.Debug|Any CPU.Build.0 = Debug|Any CPU
		{08011164-8B17-4E6D-B443-501909050D3C}.Release|Any CPU.ActiveCfg = Release|Any CPU
		{08011164-8B17-4E6D-B443-501909050D3C}.Release|Any CPU.Build.0 = Release|Any CPU
		{2A9DCA69-0B90-4F2F-8614-6C9EFFDA3E9E}.Debug|Any CPU.ActiveCfg = Debug|Any CPU
		{2A9DCA69-0B90-4F2F-8614-6C9EFFDA3E9E}.Debug|Any CPU.Build.0 = Debug|Any CPU
		{2A9DCA69-0B90-4F2F-8614-6C9EFFDA3E9E}.Release|Any CPU.ActiveCfg = Release|Any CPU
		{2A9DCA69-0B90-4F2F-8614-6C9EFFDA3E9E}.Release|Any CPU.Build.0 = Release|Any CPU
		{7AA659FD-C793-4051-99AD-D97DC319312F}.Debug|Any CPU.ActiveCfg = Debug|Any CPU
		{7AA659FD-C793-4051-99AD-D97DC319312F}.Debug|Any CPU.Build.0 = Debug|Any CPU
		{7AA659FD-C793-4051-99AD-D97DC319312F}.Release|Any CPU.ActiveCfg = Release|Any CPU
		{7AA659FD-C793-4051-99AD-D97DC319312F}.Release|Any CPU.Build.0 = Release|Any CPU
	EndGlobalSection
	GlobalSection(SolutionProperties) = preSolution
		HideSolutionNode = FALSE
	EndGlobalSection
	GlobalSection(ExtensibilityGlobals) = postSolution
		SolutionGuid = {735097F9-CEFC-4929-B543-FABF9AC91EF5}
	EndGlobalSection
EndGlobal
